// !$*UTF8*$!
{
	archiveVersion = 1;
	classes = {
	};
	objectVersion = 46;
	objects = {

/* Begin PBXBuildFile section */
		4F0E24A01BCAC3F900389965 /* AppDelegate.swift in Sources */ = {isa = PBXBuildFile; fileRef = 4F0E249F1BCAC3F900389965 /* AppDelegate.swift */; };
		4F0E24A21BCAC3F900389965 /* ViewController.swift in Sources */ = {isa = PBXBuildFile; fileRef = 4F0E24A11BCAC3F900389965 /* ViewController.swift */; };
		4F0E24A51BCAC3F900389965 /* Main.storyboard in Resources */ = {isa = PBXBuildFile; fileRef = 4F0E24A31BCAC3F900389965 /* Main.storyboard */; };
		4F0E24A71BCAC3F900389965 /* Assets.xcassets in Resources */ = {isa = PBXBuildFile; fileRef = 4F0E24A61BCAC3F900389965 /* Assets.xcassets */; };
		4F0E24AA1BCAC3F900389965 /* LaunchScreen.storyboard in Resources */ = {isa = PBXBuildFile; fileRef = 4F0E24A81BCAC3F900389965 /* LaunchScreen.storyboard */; };
		4F0E24B51BCAC3F900389965 /* RGB_SlidersTests.swift in Sources */ = {isa = PBXBuildFile; fileRef = 4F0E24B41BCAC3F900389965 /* RGB_SlidersTests.swift */; };
		4F0E24C01BCAC3F900389965 /* RGB_SlidersUITests.swift in Sources */ = {isa = PBXBuildFile; fileRef = 4F0E24BF1BCAC3F900389965 /* RGB_SlidersUITests.swift */; };
/* End PBXBuildFile section */

/* Begin PBXContainerItemProxy section */
		4F0E24B11BCAC3F900389965 /* PBXContainerItemProxy */ = {
			isa = PBXContainerItemProxy;
			containerPortal = 4F0E24941BCAC3F900389965 /* Project object */;
			proxyType = 1;
			remoteGlobalIDString = 4F0E249B1BCAC3F900389965;
			remoteInfo = "RGB Sliders";
		};
		4F0E24BC1BCAC3F900389965 /* PBXContainerItemProxy */ = {
			isa = PBXContainerItemProxy;
			containerPortal = 4F0E24941BCAC3F900389965 /* Project object */;
			proxyType = 1;
			remoteGlobalIDString = 4F0E249B1BCAC3F900389965;
			remoteInfo = "RGB Sliders";
		};
/* End PBXContainerItemProxy section */

/* Begin PBXFileReference section */
		4F0E249C1BCAC3F900389965 /* RGB Sliders.app */ = {isa = PBXFileReference; explicitFileType = wrapper.application; includeInIndex = 0; path = "RGB Sliders.app"; sourceTree = BUILT_PRODUCTS_DIR; };
		4F0E249F1BCAC3F900389965 /* AppDelegate.swift */ = {isa = PBXFileReference; lastKnownFileType = sourcecode.swift; path = AppDelegate.swift; sourceTree = "<group>"; };
		4F0E24A11BCAC3F900389965 /* ViewController.swift */ = {isa = PBXFileReference; lastKnownFileType = sourcecode.swift; path = ViewController.swift; sourceTree = "<group>"; };
		4F0E24A41BCAC3F900389965 /* Base */ = {isa = PBXFileReference; lastKnownFileType = file.storyboard; name = Base; path = Base.lproj/Main.storyboard; sourceTree = "<group>"; };
		4F0E24A61BCAC3F900389965 /* Assets.xcassets */ = {isa = PBXFileReference; lastKnownFileType = folder.assetcatalog; path = Assets.xcassets; sourceTree = "<group>"; };
		4F0E24A91BCAC3F900389965 /* Base */ = {isa = PBXFileReference; lastKnownFileType = file.storyboard; name = Base; path = Base.lproj/LaunchScreen.storyboard; sourceTree = "<group>"; };
		4F0E24AB1BCAC3F900389965 /* Info.plist */ = {isa = PBXFileReference; lastKnownFileType = text.plist.xml; path = Info.plist; sourceTree = "<group>"; };
		4F0E24B01BCAC3F900389965 /* RGB SlidersTests.xctest */ = {isa = PBXFileReference; explicitFileType = wrapper.cfbundle; includeInIndex = 0; path = "RGB SlidersTests.xctest"; sourceTree = BUILT_PRODUCTS_DIR; };
		4F0E24B41BCAC3F900389965 /* RGB_SlidersTests.swift */ = {isa = PBXFileReference; lastKnownFileType = sourcecode.swift; path = RGB_SlidersTests.swift; sourceTree = "<group>"; };
		4F0E24B61BCAC3F900389965 /* Info.plist */ = {isa = PBXFileReference; lastKnownFileType = text.plist.xml; path = Info.plist; sourceTree = "<group>"; };
		4F0E24BB1BCAC3F900389965 /* RGB SlidersUITests.xctest */ = {isa = PBXFileReference; explicitFileType = wrapper.cfbundle; includeInIndex = 0; path = "RGB SlidersUITests.xctest"; sourceTree = BUILT_PRODUCTS_DIR; };
		4F0E24BF1BCAC3F900389965 /* RGB_SlidersUITests.swift */ = {isa = PBXFileReference; lastKnownFileType = sourcecode.swift; path = RGB_SlidersUITests.swift; sourceTree = "<group>"; };
		4F0E24C11BCAC3F900389965 /* Info.plist */ = {isa = PBXFileReference; lastKnownFileType = text.plist.xml; path = Info.plist; sourceTree = "<group>"; };
/* End PBXFileReference section */

/* Begin PBXFrameworksBuildPhase section */
		4F0E24991BCAC3F900389965 /* Frameworks */ = {
			isa = PBXFrameworksBuildPhase;
			buildActionMask = 2147483647;
			files = (
			);
			runOnlyForDeploymentPostprocessing = 0;
		};
		4F0E24AD1BCAC3F900389965 /* Frameworks */ = {
			isa = PBXFrameworksBuildPhase;
			buildActionMask = 2147483647;
			files = (
			);
			runOnlyForDeploymentPostprocessing = 0;
		};
		4F0E24B81BCAC3F900389965 /* Frameworks */ = {
			isa = PBXFrameworksBuildPhase;
			buildActionMask = 2147483647;
			files = (
			);
			runOnlyForDeploymentPostprocessing = 0;
		};
/* End PBXFrameworksBuildPhase section */

/* Begin PBXGroup section */
		4F0E24931BCAC3F900389965 = {
			isa = PBXGroup;
			children = (
				4F0E249E1BCAC3F900389965 /* RGB Sliders */,
				4F0E24B31BCAC3F900389965 /* RGB SlidersTests */,
				4F0E24BE1BCAC3F900389965 /* RGB SlidersUITests */,
				4F0E249D1BCAC3F900389965 /* Products */,
			);
			sourceTree = "<group>";
		};
		4F0E249D1BCAC3F900389965 /* Products */ = {
			isa = PBXGroup;
			children = (
				4F0E249C1BCAC3F900389965 /* RGB Sliders.app */,
				4F0E24B01BCAC3F900389965 /* RGB SlidersTests.xctest */,
				4F0E24BB1BCAC3F900389965 /* RGB SlidersUITests.xctest */,
			);
			name = Products;
			sourceTree = "<group>";
		};
		4F0E249E1BCAC3F900389965 /* RGB Sliders */ = {
			isa = PBXGroup;
			children = (
				4F0E249F1BCAC3F900389965 /* AppDelegate.swift */,
				4F0E24A11BCAC3F900389965 /* ViewController.swift */,
				4F0E24A31BCAC3F900389965 /* Main.storyboard */,
				4F0E24A61BCAC3F900389965 /* Assets.xcassets */,
				4F0E24A81BCAC3F900389965 /* LaunchScreen.storyboard */,
				4F0E24AB1BCAC3F900389965 /* Info.plist */,
			);
			path = "RGB Sliders";
			sourceTree = "<group>";
		};
		4F0E24B31BCAC3F900389965 /* RGB SlidersTests */ = {
			isa = PBXGroup;
			children = (
				4F0E24B41BCAC3F900389965 /* RGB_SlidersTests.swift */,
				4F0E24B61BCAC3F900389965 /* Info.plist */,
			);
			path = "RGB SlidersTests";
			sourceTree = "<group>";
		};
		4F0E24BE1BCAC3F900389965 /* RGB SlidersUITests */ = {
			isa = PBXGroup;
			children = (
				4F0E24BF1BCAC3F900389965 /* RGB_SlidersUITests.swift */,
				4F0E24C11BCAC3F900389965 /* Info.plist */,
			);
			path = "RGB SlidersUITests";
			sourceTree = "<group>";
		};
/* End PBXGroup section */

/* Begin PBXNativeTarget section */
		4F0E249B1BCAC3F900389965 /* RGB Sliders */ = {
			isa = PBXNativeTarget;
			buildConfigurationList = 4F0E24C41BCAC3F900389965 /* Build configuration list for PBXNativeTarget "RGB Sliders" */;
			buildPhases = (
				4F0E24981BCAC3F900389965 /* Sources */,
				4F0E24991BCAC3F900389965 /* Frameworks */,
				4F0E249A1BCAC3F900389965 /* Resources */,
			);
			buildRules = (
			);
			dependencies = (
			);
			name = "RGB Sliders";
			productName = "RGB Sliders";
			productReference = 4F0E249C1BCAC3F900389965 /* RGB Sliders.app */;
			productType = "com.apple.product-type.application";
		};
		4F0E24AF1BCAC3F900389965 /* RGB SlidersTests */ = {
			isa = PBXNativeTarget;
			buildConfigurationList = 4F0E24C71BCAC3F900389965 /* Build configuration list for PBXNativeTarget "RGB SlidersTests" */;
			buildPhases = (
				4F0E24AC1BCAC3F900389965 /* Sources */,
				4F0E24AD1BCAC3F900389965 /* Frameworks */,
				4F0E24AE1BCAC3F900389965 /* Resources */,
			);
			buildRules = (
			);
			dependencies = (
				4F0E24B21BCAC3F900389965 /* PBXTargetDependency */,
			);
			name = "RGB SlidersTests";
			productName = "RGB SlidersTests";
			productReference = 4F0E24B01BCAC3F900389965 /* RGB SlidersTests.xctest */;
			productType = "com.apple.product-type.bundle.unit-test";
		};
		4F0E24BA1BCAC3F900389965 /* RGB SlidersUITests */ = {
			isa = PBXNativeTarget;
			buildConfigurationList = 4F0E24CA1BCAC3F900389965 /* Build configuration list for PBXNativeTarget "RGB SlidersUITests" */;
			buildPhases = (
				4F0E24B71BCAC3F900389965 /* Sources */,
				4F0E24B81BCAC3F900389965 /* Frameworks */,
				4F0E24B91BCAC3F900389965 /* Resources */,
			);
			buildRules = (
			);
			dependencies = (
				4F0E24BD1BCAC3F900389965 /* PBXTargetDependency */,
			);
			name = "RGB SlidersUITests";
			productName = "RGB SlidersUITests";
			productReference = 4F0E24BB1BCAC3F900389965 /* RGB SlidersUITests.xctest */;
			productType = "com.apple.product-type.bundle.ui-testing";
		};
/* End PBXNativeTarget section */

/* Begin PBXProject section */
		4F0E24941BCAC3F900389965 /* Project object */ = {
			isa = PBXProject;
			attributes = {
				LastUpgradeCheck = 0700;
				ORGANIZATIONNAME = "Nick Looney";
				TargetAttributes = {
					4F0E249B1BCAC3F900389965 = {
						CreatedOnToolsVersion = 7.0;
					};
					4F0E24AF1BCAC3F900389965 = {
						CreatedOnToolsVersion = 7.0;
						TestTargetID = 4F0E249B1BCAC3F900389965;
					};
					4F0E24BA1BCAC3F900389965 = {
						CreatedOnToolsVersion = 7.0;
						TestTargetID = 4F0E249B1BCAC3F900389965;
					};
				};
			};
			buildConfigurationList = 4F0E24971BCAC3F900389965 /* Build configuration list for PBXProject "RGB Sliders" */;
			compatibilityVersion = "Xcode 3.2";
			developmentRegion = English;
			hasScannedForEncodings = 0;
			knownRegions = (
				en,
				Base,
			);
			mainGroup = 4F0E24931BCAC3F900389965;
			productRefGroup = 4F0E249D1BCAC3F900389965 /* Products */;
			projectDirPath = "";
			projectRoot = "";
			targets = (
				4F0E249B1BCAC3F900389965 /* RGB Sliders */,
				4F0E24AF1BCAC3F900389965 /* RGB SlidersTests */,
				4F0E24BA1BCAC3F900389965 /* RGB SlidersUITests */,
			);
		};
/* End PBXProject section */

/* Begin PBXResourcesBuildPhase section */
		4F0E249A1BCAC3F900389965 /* Resources */ = {
			isa = PBXResourcesBuildPhase;
			buildActionMask = 2147483647;
			files = (
				4F0E24AA1BCAC3F900389965 /* LaunchScreen.storyboard in Resources */,
				4F0E24A71BCAC3F900389965 /* Assets.xcassets in Resources */,
				4F0E24A51BCAC3F900389965 /* Main.storyboard in Resources */,
			);
			runOnlyForDeploymentPostprocessing = 0;
		};
		4F0E24AE1BCAC3F900389965 /* Resources */ = {
			isa = PBXResourcesBuildPhase;
			buildActionMask = 2147483647;
			files = (
			);
			runOnlyForDeploymentPostprocessing = 0;
		};
		4F0E24B91BCAC3F900389965 /* Resources */ = {
			isa = PBXResourcesBuildPhase;
			buildActionMask = 2147483647;
			files = (
			);
			runOnlyForDeploymentPostprocessing = 0;
		};
/* End PBXResourcesBuildPhase section */

/* Begin PBXSourcesBuildPhase section */
		4F0E24981BCAC3F900389965 /* Sources */ = {
			isa = PBXSourcesBuildPhase;
			buildActionMask = 2147483647;
			files = (
				4F0E24A21BCAC3F900389965 /* ViewController.swift in Sources */,
				4F0E24A01BCAC3F900389965 /* AppDelegate.swift in Sources */,
			);
			runOnlyForDeploymentPostprocessing = 0;
		};
		4F0E24AC1BCAC3F900389965 /* Sources */ = {
			isa = PBXSourcesBuildPhase;
			buildActionMask = 2147483647;
			files = (
				4F0E24B51BCAC3F900389965 /* RGB_SlidersTests.swift in Sources */,
			);
			runOnlyForDeploymentPostprocessing = 0;
		};
		4F0E24B71BCAC3F900389965 /* Sources */ = {
			isa = PBXSourcesBuildPhase;
			buildActionMask = 2147483647;
			files = (
				4F0E24C01BCAC3F900389965 /* RGB_SlidersUITests.swift in Sources */,
			);
			runOnlyForDeploymentPostprocessing = 0;
		};
/* End PBXSourcesBuildPhase section */

/* Begin PBXTargetDependency section */
		4F0E24B21BCAC3F900389965 /* PBXTargetDependency */ = {
			isa = PBXTargetDependency;
			target = 4F0E249B1BCAC3F900389965 /* RGB Sliders */;
			targetProxy = 4F0E24B11BCAC3F900389965 /* PBXContainerItemProxy */;
		};
		4F0E24BD1BCAC3F900389965 /* PBXTargetDependency */ = {
			isa = PBXTargetDependency;
			target = 4F0E249B1BCAC3F900389965 /* RGB Sliders */;
			targetProxy = 4F0E24BC1BCAC3F900389965 /* PBXContainerItemProxy */;
		};
/* End PBXTargetDependency section */

/* Begin PBXVariantGroup section */
		4F0E24A31BCAC3F900389965 /* Main.storyboard */ = {
			isa = PBXVariantGroup;
			children = (
				4F0E24A41BCAC3F900389965 /* Base */,
			);
			name = Main.storyboard;
			sourceTree = "<group>";
		};
		4F0E24A81BCAC3F900389965 /* LaunchScreen.storyboard */ = {
			isa = PBXVariantGroup;
			children = (
				4F0E24A91BCAC3F900389965 /* Base */,
			);
			name = LaunchScreen.storyboard;
			sourceTree = "<group>";
		};
/* End PBXVariantGroup section */

/* Begin XCBuildConfiguration section */
		4F0E24C21BCAC3F900389965 /* Debug */ = {
			isa = XCBuildConfiguration;
			buildSettings = {
				ALWAYS_SEARCH_USER_PATHS = NO;
				CLANG_CXX_LANGUAGE_STANDARD = "gnu++0x";
				CLANG_CXX_LIBRARY = "libc++";
				CLANG_ENABLE_MODULES = YES;
				CLANG_ENABLE_OBJC_ARC = YES;
				CLANG_WARN_BOOL_CONVERSION = YES;
				CLANG_WARN_CONSTANT_CONVERSION = YES;
				CLANG_WARN_DIRECT_OBJC_ISA_USAGE = YES_ERROR;
				CLANG_WARN_EMPTY_BODY = YES;
				CLANG_WARN_ENUM_CONVERSION = YES;
				CLANG_WARN_INT_CONVERSION = YES;
				CLANG_WARN_OBJC_ROOT_CLASS = YES_ERROR;
				CLANG_WARN_UNREACHABLE_CODE = YES;
				CLANG_WARN__DUPLICATE_METHOD_MATCH = YES;
				"CODE_SIGN_IDENTITY[sdk=iphoneos*]" = "iPhone Developer";
				COPY_PHASE_STRIP = NO;
				DEBUG_INFORMATION_FORMAT = dwarf;
				ENABLE_STRICT_OBJC_MSGSEND = YES;
				ENABLE_TESTABILITY = YES;
				GCC_C_LANGUAGE_STANDARD = gnu99;
				GCC_DYNAMIC_NO_PIC = NO;
				GCC_NO_COMMON_BLOCKS = YES;
				GCC_OPTIMIZATION_LEVEL = 0;
				GCC_PREPROCESSOR_DEFINITIONS = (
					"DEBUG=1",
					"$(inherited)",
				);
				GCC_WARN_64_TO_32_BIT_CONVERSION = YES;
				GCC_WARN_ABOUT_RETURN_TYPE = YES_ERROR;
				GCC_WARN_UNDECLARED_SELECTOR = YES;
				GCC_WARN_UNINITIALIZED_AUTOS = YES_AGGRESSIVE;
				GCC_WARN_UNUSED_FUNCTION = YES;
				GCC_WARN_UNUSED_VARIABLE = YES;
				IPHONEOS_DEPLOYMENT_TARGET = 9.0;
				MTL_ENABLE_DEBUG_INFO = YES;
				ONLY_ACTIVE_ARCH = YES;
				SDKROOT = iphoneos;
				SWIFT_OPTIMIZATION_LEVEL = "-Onone";
			};
			name = Debug;
		};
		4F0E24C31BCAC3F900389965 /* Release */ = {
			isa = XCBuildConfiguration;
			buildSettings = {
				ALWAYS_SEARCH_USER_PATHS = NO;
				CLANG_CXX_LANGUAGE_STANDARD = "gnu++0x";
				CLANG_CXX_LIBRARY = "libc++";
				CLANG_ENABLE_MODULES = YES;
				CLANG_ENABLE_OBJC_ARC = YES;
				CLANG_WARN_BOOL_CONVERSION = YES;
				CLANG_WARN_CONSTANT_CONVERSION = YES;
				CLANG_WARN_DIRECT_OBJC_ISA_USAGE = YES_ERROR;
				CLANG_WARN_EMPTY_BODY = YES;
				CLANG_WARN_ENUM_CONVERSION = YES;
				CLANG_WARN_INT_CONVERSION = YES;
				CLANG_WARN_OBJC_ROOT_CLASS = YES_ERROR;
				CLANG_WARN_UNREACHABLE_CODE = YES;
				CLANG_WARN__DUPLICATE_METHOD_MATCH = YES;
				"CODE_SIGN_IDENTITY[sdk=iphoneos*]" = "iPhone Developer";
				COPY_PHASE_STRIP = NO;
				DEBUG_INFORMATION_FORMAT = "dwarf-with-dsym";
				ENABLE_NS_ASSERTIONS = NO;
				ENABLE_STRICT_OBJC_MSGSEND = YES;
				GCC_C_LANGUAGE_STANDARD = gnu99;
				GCC_NO_COMMON_BLOCKS = YES;
				GCC_WARN_64_TO_32_BIT_CONVERSION = YES;
				GCC_WARN_ABOUT_RETURN_TYPE = YES_ERROR;
				GCC_WARN_UNDECLARED_SELECTOR = YES;
				GCC_WARN_UNINITIALIZED_AUTOS = YES_AGGRESSIVE;
				GCC_WARN_UNUSED_FUNCTION = YES;
				GCC_WARN_UNUSED_VARIABLE = YES;
				IPHONEOS_DEPLOYMENT_TARGET = 9.0;
				MTL_ENABLE_DEBUG_INFO = NO;
				SDKROOT = iphoneos;
				VALIDATE_PRODUCT = YES;
			};
			name = Release;
		};
		4F0E24C51BCAC3F900389965 /* Debug */ = {
			isa = XCBuildConfiguration;
			buildSettings = {
				ASSETCATALOG_COMPILER_APPICON_NAME = AppIcon;
				INFOPLIST_FILE = "RGB Sliders/Info.plist";
				LD_RUNPATH_SEARCH_PATHS = "$(inherited) @executable_path/Frameworks";
				PRODUCT_BUNDLE_IDENTIFIER = "com.nicklooney.RGB-Sliders";
				PRODUCT_NAME = "$(TARGET_NAME)";
			};
			name = Debug;
		};
		4F0E24C61BCAC3F900389965 /* Release */ = {
			isa = XCBuildConfiguration;
			buildSettings = {
				ASSETCATALOG_COMPILER_APPICON_NAME = AppIcon;
				INFOPLIST_FILE = "RGB Sliders/Info.plist";
				LD_RUNPATH_SEARCH_PATHS = "$(inherited) @executable_path/Frameworks";
				PRODUCT_BUNDLE_IDENTIFIER = "com.nicklooney.RGB-Sliders";
				PRODUCT_NAME = "$(TARGET_NAME)";
			};
			name = Release;
		};
		4F0E24C81BCAC3F900389965 /* Debug */ = {
			isa = XCBuildConfiguration;
			buildSettings = {
				BUNDLE_LOADER = "$(TEST_HOST)";
				INFOPLIST_FILE = "RGB SlidersTests/Info.plist";
				LD_RUNPATH_SEARCH_PATHS = "$(inherited) @executable_path/Frameworks @loader_path/Frameworks";
				PRODUCT_BUNDLE_IDENTIFIER = "com.nicklooney.RGB-SlidersTests";
				PRODUCT_NAME = "$(TARGET_NAME)";
				TEST_HOST = "$(BUILT_PRODUCTS_DIR)/RGB Sliders.app/RGB Sliders";
			};
			name = Debug;
		};
		4F0E24C91BCAC3F900389965 /* Release */ = {
			isa = XCBuildConfiguration;
			buildSettings = {
				BUNDLE_LOADER = "$(TEST_HOST)";
				INFOPLIST_FILE = "RGB SlidersTests/Info.plist";
				LD_RUNPATH_SEARCH_PATHS = "$(inherited) @executable_path/Frameworks @loader_path/Frameworks";
				PRODUCT_BUNDLE_IDENTIFIER = "com.nicklooney.RGB-SlidersTests";
				PRODUCT_NAME = "$(TARGET_NAME)";
				TEST_HOST = "$(BUILT_PRODUCTS_DIR)/RGB Sliders.app/RGB Sliders";
			};
			name = Release;
		};
		4F0E24CB1BCAC3F900389965 /* Debug */ = {
			isa = XCBuildConfiguration;
			buildSettings = {
				INFOPLIST_FILE = "RGB SlidersUITests/Info.plist";
				LD_RUNPATH_SEARCH_PATHS = "$(inherited) @executable_path/Frameworks @loader_path/Frameworks";
				PRODUCT_BUNDLE_IDENTIFIER = "com.nicklooney.RGB-SlidersUITests";
				PRODUCT_NAME = "$(TARGET_NAME)";
				TEST_TARGET_NAME = "RGB Sliders";
				USES_XCTRUNNER = YES;
			};
			name = Debug;
		};
		4F0E24CC1BCAC3F900389965 /* Release */ = {
			isa = XCBuildConfiguration;
			buildSettings = {
				INFOPLIST_FILE = "RGB SlidersUITests/Info.plist";
				LD_RUNPATH_SEARCH_PATHS = "$(inherited) @executable_path/Frameworks @loader_path/Frameworks";
				PRODUCT_BUNDLE_IDENTIFIER = "com.nicklooney.RGB-SlidersUITests";
				PRODUCT_NAME = "$(TARGET_NAME)";
				TEST_TARGET_NAME = "RGB Sliders";
				USES_XCTRUNNER = YES;
			};
			name = Release;
		};
/* End XCBuildConfiguration section */

/* Begin XCConfigurationList section */
		4F0E24971BCAC3F900389965 /* Build configuration list for PBXProject "RGB Sliders" */ = {
			isa = XCConfigurationList;
			buildConfigurations = (
				4F0E24C21BCAC3F900389965 /* Debug */,
				4F0E24C31BCAC3F900389965 /* Release */,
			);
			defaultConfigurationIsVisible = 0;
			defaultConfigurationName = Release;
		};
		4F0E24C41BCAC3F900389965 /* Build configuration list for PBXNativeTarget "RGB Sliders" */ = {
			isa = XCConfigurationList;
			buildConfigurations = (
				4F0E24C51BCAC3F900389965 /* Debug */,
				4F0E24C61BCAC3F900389965 /* Release */,
			);
			defaultConfigurationIsVisible = 0;
		};
		4F0E24C71BCAC3F900389965 /* Build configuration list for PBXNativeTarget "RGB SlidersTests" */ = {
			isa = XCConfigurationList;
			buildConfigurations = (
				4F0E24C81BCAC3F900389965 /* Debug */,
				4F0E24C91BCAC3F900389965 /* Release */,
			);
			defaultConfigurationIsVisible = 0;
		};
		4F0E24CA1BCAC3F900389965 /* Build configuration list for PBXNativeTarget "RGB SlidersUITests" */ = {
			isa = XCConfigurationList;
			buildConfigurations = (
				4F0E24CB1BCAC3F900389965 /* Debug */,
				4F0E24CC1BCAC3F900389965 /* Release */,
			);
			defaultConfigurationIsVisible = 0;
		};
/* End XCConfigurationList section */
	};
	rootObject = 4F0E24941BCAC3F900389965 /* Project object */;
}
